
Microsoft Visual Studio Solution File, Format Version 12.00
# Visual Studio Version 16
VisualStudioVersion = 16.0.31702.278
MinimumVisualStudioVersion = 10.0.40219.1
Project("{FAE04EC0-301F-11D3-BF4B-00C04F79EFBC}") = "Управление базой данных", "Управление базой данных.csproj", "{D9C61760-DD97-4AFA-9030-51D6EA04EA43}"
EndProject
Global
	GlobalSection(SolutionConfigurationPlatforms) = preSolution
		Debug|Any CPU = Debug|Any CPU
		Release|Any CPU = Release|Any CPU
	EndGlobalSection
	GlobalSection(ProjectConfigurationPlatforms) = postSolution
		{D9C61760-DD97-4AFA-9030-51D6EA04EA43}.Debug|Any CPU.ActiveCfg = Debug|Any CPU
		{D9C61760-DD97-4AFA-9030-51D6EA04EA43}.Debug|Any CPU.Build.0 = Debug|Any CPU
		{D9C61760-DD97-4AFA-9030-51D6EA04EA43}.Release|Any CPU.ActiveCfg = Release|Any CPU
		{D9C61760-DD97-4AFA-9030-51D6EA04EA43}.Release|Any CPU.Build.0 = Release|Any CPU
	EndGlobalSection
	GlobalSection(SolutionProperties) = preSolution
		HideSolutionNode = FALSE
	EndGlobalSection
	GlobalSection(ExtensibilityGlobals) = postSolution
		SolutionGuid = {C197076E-F563-4354-8C2B-2CE8781885E3}
	EndGlobalSection
EndGlobal
